// !$*UTF8*$!
{
	archiveVersion = 1;
	classes = {
	};
	objectVersion = 50;
	objects = {

/* Begin PBXBuildFile section */
		7325CD5122749E42002B38B8 /* AppDelegate.swift in Sources */ = {isa = PBXBuildFile; fileRef = 7325CD5022749E42002B38B8 /* AppDelegate.swift */; };
		7325CD5322749E42002B38B8 /* ViewController.swift in Sources */ = {isa = PBXBuildFile; fileRef = 7325CD5222749E42002B38B8 /* ViewController.swift */; };
		7325CD5622749E42002B38B8 /* Main.storyboard in Resources */ = {isa = PBXBuildFile; fileRef = 7325CD5422749E42002B38B8 /* Main.storyboard */; };
		7325CD5822749E45002B38B8 /* Assets.xcassets in Resources */ = {isa = PBXBuildFile; fileRef = 7325CD5722749E45002B38B8 /* Assets.xcassets */; };
		7325CD5B22749E45002B38B8 /* LaunchScreen.storyboard in Resources */ = {isa = PBXBuildFile; fileRef = 7325CD5922749E45002B38B8 /* LaunchScreen.storyboard */; };
		73CCC8E02274BB3800D2EA85 /* converse_obj.mtl in Resources */ = {isa = PBXBuildFile; fileRef = 73CCC8DB2274BB3800D2EA85 /* converse_obj.mtl */; };
		73CCC8E12274BB3800D2EA85 /* converse_bump.jpg in Resources */ = {isa = PBXBuildFile; fileRef = 73CCC8DC2274BB3800D2EA85 /* converse_bump.jpg */; };
		73CCC8E22274BB3800D2EA85 /* converse.jpg in Resources */ = {isa = PBXBuildFile; fileRef = 73CCC8DD2274BB3800D2EA85 /* converse.jpg */; };
		73CCC8E32274BB3800D2EA85 /* converse_obj.obj in Resources */ = {isa = PBXBuildFile; fileRef = 73CCC8DE2274BB3800D2EA85 /* converse_obj.obj */; };
		73CCC8E42274BB3800D2EA85 /* laces.jpg in Resources */ = {isa = PBXBuildFile; fileRef = 73CCC8DF2274BB3800D2EA85 /* laces.jpg */; };
/* End PBXBuildFile section */

/* Begin PBXFileReference section */
		7325CD4D22749E42002B38B8 /* SceneKitTest.app */ = {isa = PBXFileReference; explicitFileType = wrapper.application; includeInIndex = 0; path = SceneKitTest.app; sourceTree = BUILT_PRODUCTS_DIR; };
		7325CD5022749E42002B38B8 /* AppDelegate.swift */ = {isa = PBXFileReference; lastKnownFileType = sourcecode.swift; path = AppDelegate.swift; sourceTree = "<group>"; };
		7325CD5222749E42002B38B8 /* ViewController.swift */ = {isa = PBXFileReference; lastKnownFileType = sourcecode.swift; path = ViewController.swift; sourceTree = "<group>"; };
		7325CD5522749E42002B38B8 /* Base */ = {isa = PBXFileReference; lastKnownFileType = file.storyboard; name = Base; path = Base.lproj/Main.storyboard; sourceTree = "<group>"; };
		7325CD5722749E45002B38B8 /* Assets.xcassets */ = {isa = PBXFileReference; lastKnownFileType = folder.assetcatalog; path = Assets.xcassets; sourceTree = "<group>"; };
		7325CD5A22749E45002B38B8 /* Base */ = {isa = PBXFileReference; lastKnownFileType = file.storyboard; name = Base; path = Base.lproj/LaunchScreen.storyboard; sourceTree = "<group>"; };
		7325CD5C22749E45002B38B8 /* Info.plist */ = {isa = PBXFileReference; lastKnownFileType = text.plist.xml; path = Info.plist; sourceTree = "<group>"; };
		73CCC8DB2274BB3800D2EA85 /* converse_obj.mtl */ = {isa = PBXFileReference; fileEncoding = 4; lastKnownFileType = text; path = converse_obj.mtl; sourceTree = "<group>"; };
		73CCC8DC2274BB3800D2EA85 /* converse_bump.jpg */ = {isa = PBXFileReference; lastKnownFileType = image.jpeg; path = converse_bump.jpg; sourceTree = "<group>"; };
		73CCC8DD2274BB3800D2EA85 /* converse.jpg */ = {isa = PBXFileReference; lastKnownFileType = image.jpeg; path = converse.jpg; sourceTree = "<group>"; };
		73CCC8DE2274BB3800D2EA85 /* converse_obj.obj */ = {isa = PBXFileReference; fileEncoding = 4; lastKnownFileType = text; path = converse_obj.obj; sourceTree = "<group>"; };
		73CCC8DF2274BB3800D2EA85 /* laces.jpg */ = {isa = PBXFileReference; lastKnownFileType = image.jpeg; path = laces.jpg; sourceTree = "<group>"; };
/* End PBXFileReference section */

/* Begin PBXFrameworksBuildPhase section */
		7325CD4A22749E42002B38B8 /* Frameworks */ = {
			isa = PBXFrameworksBuildPhase;
			buildActionMask = 2147483647;
			files = (
			);
			runOnlyForDeploymentPostprocessing = 0;
		};
/* End PBXFrameworksBuildPhase section */

/* Begin PBXGroup section */
		7325CD4422749E42002B38B8 = {
			isa = PBXGroup;
			children = (
				7325CD4F22749E42002B38B8 /* SceneKitTest */,
				7325CD4E22749E42002B38B8 /* Products */,
			);
			sourceTree = "<group>";
		};
		7325CD4E22749E42002B38B8 /* Products */ = {
			isa = PBXGroup;
			children = (
				7325CD4D22749E42002B38B8 /* SceneKitTest.app */,
			);
			name = Products;
			sourceTree = "<group>";
		};
		7325CD4F22749E42002B38B8 /* SceneKitTest */ = {
			isa = PBXGroup;
			children = (
				73CCC8DA2274BB3800D2EA85 /* converse_model */,
				7325CD5022749E42002B38B8 /* AppDelegate.swift */,
				7325CD5222749E42002B38B8 /* ViewController.swift */,
				7325CD5422749E42002B38B8 /* Main.storyboard */,
				7325CD5722749E45002B38B8 /* Assets.xcassets */,
				7325CD5922749E45002B38B8 /* LaunchScreen.storyboard */,
				7325CD5C22749E45002B38B8 /* Info.plist */,
			);
			path = SceneKitTest;
			sourceTree = "<group>";
		};
		73CCC8DA2274BB3800D2EA85 /* converse_model */ = {
			isa = PBXGroup;
			children = (
				73CCC8DB2274BB3800D2EA85 /* converse_obj.mtl */,
				73CCC8DC2274BB3800D2EA85 /* converse_bump.jpg */,
				73CCC8DD2274BB3800D2EA85 /* converse.jpg */,
				73CCC8DE2274BB3800D2EA85 /* converse_obj.obj */,
				73CCC8DF2274BB3800D2EA85 /* laces.jpg */,
			);
			path = converse_model;
			sourceTree = "<group>";
		};
/* End PBXGroup section */

/* Begin PBXNativeTarget section */
		7325CD4C22749E42002B38B8 /* SceneKitTest */ = {
			isa = PBXNativeTarget;
			buildConfigurationList = 7325CD7522749E46002B38B8 /* Build configuration list for PBXNativeTarget "SceneKitTest" */;
			buildPhases = (
				7325CD4922749E42002B38B8 /* Sources */,
				7325CD4A22749E42002B38B8 /* Frameworks */,
				7325CD4B22749E42002B38B8 /* Resources */,
			);
			buildRules = (
			);
			dependencies = (
			);
			name = SceneKitTest;
			productName = SceneKitTest;
			productReference = 7325CD4D22749E42002B38B8 /* SceneKitTest.app */;
			productType = "com.apple.product-type.application";
		};
/* End PBXNativeTarget section */

/* Begin PBXProject section */
		7325CD4522749E42002B38B8 /* Project object */ = {
			isa = PBXProject;
			attributes = {
				LastSwiftUpdateCheck = 1020;
				LastUpgradeCheck = 1020;
				ORGANIZATIONNAME = "Lito Arias";
				TargetAttributes = {
					7325CD4C22749E42002B38B8 = {
						CreatedOnToolsVersion = 10.2.1;
					};
				};
			};
			buildConfigurationList = 7325CD4822749E42002B38B8 /* Build configuration list for PBXProject "SceneKitTest" */;
			compatibilityVersion = "Xcode 9.3";
			developmentRegion = en;
			hasScannedForEncodings = 0;
			knownRegions = (
				en,
				Base,
			);
			mainGroup = 7325CD4422749E42002B38B8;
			productRefGroup = 7325CD4E22749E42002B38B8 /* Products */;
			projectDirPath = "";
			projectRoot = "";
			targets = (
				7325CD4C22749E42002B38B8 /* SceneKitTest */,
			);
		};
/* End PBXProject section */

/* Begin PBXResourcesBuildPhase section */
		7325CD4B22749E42002B38B8 /* Resources */ = {
			isa = PBXResourcesBuildPhase;
			buildActionMask = 2147483647;
			files = (
				73CCC8E22274BB3800D2EA85 /* converse.jpg in Resources */,
				73CCC8E42274BB3800D2EA85 /* laces.jpg in Resources */,
				7325CD5B22749E45002B38B8 /* LaunchScreen.storyboard in Resources */,
				73CCC8E32274BB3800D2EA85 /* converse_obj.obj in Resources */,
				7325CD5822749E45002B38B8 /* Assets.xcassets in Resources */,
				73CCC8E12274BB3800D2EA85 /* converse_bump.jpg in Resources */,
				73CCC8E02274BB3800D2EA85 /* converse_obj.mtl in Resources */,
				7325CD5622749E42002B38B8 /* Main.storyboard in Resources */,
			);
			runOnlyForDeploymentPostprocessing = 0;
		};
/* End PBXResourcesBuildPhase section */

/* Begin PBXSourcesBuildPhase section */
		7325CD4922749E42002B38B8 /* Sources */ = {
			isa = PBXSourcesBuildPhase;
			buildActionMask = 2147483647;
			files = (
				7325CD5322749E42002B38B8 /* ViewController.swift in Sources */,
				7325CD5122749E42002B38B8 /* AppDelegate.swift in Sources */,
			);
			runOnlyForDeploymentPostprocessing = 0;
		};
/* End PBXSourcesBuildPhase section */

/* Begin PBXVariantGroup section */
		7325CD5422749E42002B38B8 /* Main.storyboard */ = {
			isa = PBXVariantGroup;
			children = (
				7325CD5522749E42002B38B8 /* Base */,
			);
			name = Main.storyboard;
			sourceTree = "<group>";
		};
		7325CD5922749E45002B38B8 /* LaunchScreen.storyboard */ = {
			isa = PBXVariantGroup;
			children = (
				7325CD5A22749E45002B38B8 /* Base */,
			);
			name = LaunchScreen.storyboard;
			sourceTree = "<group>";
		};
/* End PBXVariantGroup section */

/* Begin XCBuildConfiguration section */
		7325CD7322749E46002B38B8 /* Debug */ = {
			isa = XCBuildConfiguration;
			buildSettings = {
				ALWAYS_SEARCH_USER_PATHS = NO;
				CLANG_ANALYZER_NONNULL = YES;
				CLANG_ANALYZER_NUMBER_OBJECT_CONVERSION = YES_AGGRESSIVE;
				CLANG_CXX_LANGUAGE_STANDARD = "gnu++14";
				CLANG_CXX_LIBRARY = "libc++";
				CLANG_ENABLE_MODULES = YES;
				CLANG_ENABLE_OBJC_ARC = YES;
				CLANG_ENABLE_OBJC_WEAK = YES;
				CLANG_WARN_BLOCK_CAPTURE_AUTORELEASING = YES;
				CLANG_WARN_BOOL_CONVERSION = YES;
				CLANG_WARN_COMMA = YES;
				CLANG_WARN_CONSTANT_CONVERSION = YES;
				CLANG_WARN_DEPRECATED_OBJC_IMPLEMENTATIONS = YES;
				CLANG_WARN_DIRECT_OBJC_ISA_USAGE = YES_ERROR;
				CLANG_WARN_DOCUMENTATION_COMMENTS = YES;
				CLANG_WARN_EMPTY_BODY = YES;
				CLANG_WARN_ENUM_CONVERSION = YES;
				CLANG_WARN_INFINITE_RECURSION = YES;
				CLANG_WARN_INT_CONVERSION = YES;
				CLANG_WARN_NON_LITERAL_NULL_CONVERSION = YES;
				CLANG_WARN_OBJC_IMPLICIT_RETAIN_SELF = YES;
				CLANG_WARN_OBJC_LITERAL_CONVERSION = YES;
				CLANG_WARN_OBJC_ROOT_CLASS = YES_ERROR;
				CLANG_WARN_RANGE_LOOP_ANALYSIS = YES;
				CLANG_WARN_STRICT_PROTOTYPES = YES;
				CLANG_WARN_SUSPICIOUS_MOVE = YES;
				CLANG_WARN_UNGUARDED_AVAILABILITY = YES_AGGRESSIVE;
				CLANG_WARN_UNREACHABLE_CODE = YES;
				CLANG_WARN__DUPLICATE_METHOD_MATCH = YES;
				CODE_SIGN_IDENTITY = "iPhone Developer";
				COPY_PHASE_STRIP = NO;
				DEBUG_INFORMATION_FORMAT = dwarf;
				ENABLE_STRICT_OBJC_MSGSEND = YES;
				ENABLE_TESTABILITY = YES;
				GCC_C_LANGUAGE_STANDARD = gnu11;
				GCC_DYNAMIC_NO_PIC = NO;
				GCC_NO_COMMON_BLOCKS = YES;
				GCC_OPTIMIZATION_LEVEL = 0;
				GCC_PREPROCESSOR_DEFINITIONS = (
					"DEBUG=1",
					"$(inherited)",
				);
				GCC_WARN_64_TO_32_BIT_CONVERSION = YES;
				GCC_WARN_ABOUT_RETURN_TYPE = YES_ERROR;
				GCC_WARN_UNDECLARED_SELECTOR = YES;
				GCC_WARN_UNINITIALIZED_AUTOS = YES_AGGRESSIVE;
				GCC_WARN_UNUSED_FUNCTION = YES;
				GCC_WARN_UNUSED_VARIABLE = YES;
				IPHONEOS_DEPLOYMENT_TARGET = 12.2;
				MTL_ENABLE_DEBUG_INFO = INCLUDE_SOURCE;
				MTL_FAST_MATH = YES;
				ONLY_ACTIVE_ARCH = YES;
				SDKROOT = iphoneos;
				SWIFT_ACTIVE_COMPILATION_CONDITIONS = DEBUG;
				SWIFT_OPTIMIZATION_LEVEL = "-Onone";
			};
			name = Debug;
		};
		7325CD7422749E46002B38B8 /* Release */ = {
			isa = XCBuildConfiguration;
			buildSettings = {
				ALWAYS_SEARCH_USER_PATHS = NO;
				CLANG_ANALYZER_NONNULL = YES;
				CLANG_ANALYZER_NUMBER_OBJECT_CONVERSION = YES_AGGRESSIVE;
				CLANG_CXX_LANGUAGE_STANDARD = "gnu++14";
				CLANG_CXX_LIBRARY = "libc++";
				CLANG_ENABLE_MODULES = YES;
				CLANG_ENABLE_OBJC_ARC = YES;
				CLANG_ENABLE_OBJC_WEAK = YES;
				CLANG_WARN_BLOCK_CAPTURE_AUTORELEASING = YES;
				CLANG_WARN_BOOL_CONVERSION = YES;
				CLANG_WARN_COMMA = YES;
				CLANG_WARN_CONSTANT_CONVERSION = YES;
				CLANG_WARN_DEPRECATED_OBJC_IMPLEMENTATIONS = YES;
				CLANG_WARN_DIRECT_OBJC_ISA_USAGE = YES_ERROR;
				CLANG_WARN_DOCUMENTATION_COMMENTS = YES;
				CLANG_WARN_EMPTY_BODY = YES;
				CLANG_WARN_ENUM_CONVERSION = YES;
				CLANG_WARN_INFINITE_RECURSION = YES;
				CLANG_WARN_INT_CONVERSION = YES;
				CLANG_WARN_NON_LITERAL_NULL_CONVERSION = YES;
				CLANG_WARN_OBJC_IMPLICIT_RETAIN_SELF = YES;
				CLANG_WARN_OBJC_LITERAL_CONVERSION = YES;
				CLANG_WARN_OBJC_ROOT_CLASS = YES_ERROR;
				CLANG_WARN_RANGE_LOOP_ANALYSIS = YES;
				CLANG_WARN_STRICT_PROTOTYPES = YES;
				CLANG_WARN_SUSPICIOUS_MOVE = YES;
				CLANG_WARN_UNGUARDED_AVAILABILITY = YES_AGGRESSIVE;
				CLANG_WARN_UNREACHABLE_CODE = YES;
				CLANG_WARN__DUPLICATE_METHOD_MATCH = YES;
				CODE_SIGN_IDENTITY = "iPhone Developer";
				COPY_PHASE_STRIP = NO;
				DEBUG_INFORMATION_FORMAT = "dwarf-with-dsym";
				ENABLE_NS_ASSERTIONS = NO;
				ENABLE_STRICT_OBJC_MSGSEND = YES;
				GCC_C_LANGUAGE_STANDARD = gnu11;
				GCC_NO_COMMON_BLOCKS = YES;
				GCC_WARN_64_TO_32_BIT_CONVERSION = YES;
				GCC_WARN_ABOUT_RETURN_TYPE = YES_ERROR;
				GCC_WARN_UNDECLARED_SELECTOR = YES;
				GCC_WARN_UNINITIALIZED_AUTOS = YES_AGGRESSIVE;
				GCC_WARN_UNUSED_FUNCTION = YES;
				GCC_WARN_UNUSED_VARIABLE = YES;
				IPHONEOS_DEPLOYMENT_TARGET = 12.2;
				MTL_ENABLE_DEBUG_INFO = NO;
				MTL_FAST_MATH = YES;
				SDKROOT = iphoneos;
				SWIFT_COMPILATION_MODE = wholemodule;
				SWIFT_OPTIMIZATION_LEVEL = "-O";
				VALIDATE_PRODUCT = YES;
			};
			name = Release;
		};
		7325CD7622749E46002B38B8 /* Debug */ = {
			isa = XCBuildConfiguration;
			buildSettings = {
				ASSETCATALOG_COMPILER_APPICON_NAME = AppIcon;
				CODE_SIGN_STYLE = Automatic;
				DEVELOPMENT_TEAM = 4U72882THN;
				INFOPLIST_FILE = SceneKitTest/Info.plist;
				LD_RUNPATH_SEARCH_PATHS = (
					"$(inherited)",
					"@executable_path/Frameworks",
				);
				PRODUCT_BUNDLE_IDENTIFIER = MonnoApps.SceneKitTest;
				PRODUCT_NAME = "$(TARGET_NAME)";
				SWIFT_VERSION = 5.0;
				TARGETED_DEVICE_FAMILY = "1,2";
			};
			name = Debug;
		};
		7325CD7722749E46002B38B8 /* Release */ = {
			isa = XCBuildConfiguration;
			buildSettings = {
				ASSETCATALOG_COMPILER_APPICON_NAME = AppIcon;
				CODE_SIGN_STYLE = Automatic;
				DEVELOPMENT_TEAM = 4U72882THN;
				INFOPLIST_FILE = SceneKitTest/Info.plist;
				LD_RUNPATH_SEARCH_PATHS = (
					"$(inherited)",
					"@executable_path/Frameworks",
				);
				PRODUCT_BUNDLE_IDENTIFIER = MonnoApps.SceneKitTest;
				PRODUCT_NAME = "$(TARGET_NAME)";
				SWIFT_VERSION = 5.0;
				TARGETED_DEVICE_FAMILY = "1,2";
			};
			name = Release;
		};
/* End XCBuildConfiguration section */

/* Begin XCConfigurationList section */
		7325CD4822749E42002B38B8 /* Build configuration list for PBXProject "SceneKitTest" */ = {
			isa = XCConfigurationList;
			buildConfigurations = (
				7325CD7322749E46002B38B8 /* Debug */,
				7325CD7422749E46002B38B8 /* Release */,
			);
			defaultConfigurationIsVisible = 0;
			defaultConfigurationName = Release;
		};
		7325CD7522749E46002B38B8 /* Build configuration list for PBXNativeTarget "SceneKitTest" */ = {
			isa = XCConfigurationList;
			buildConfigurations = (
				7325CD7622749E46002B38B8 /* Debug */,
				7325CD7722749E46002B38B8 /* Release */,
			);
			defaultConfigurationIsVisible = 0;
			defaultConfigurationName = Release;
		};
/* End XCConfigurationList section */
	};
	rootObject = 7325CD4522749E42002B38B8 /* Project object */;
}
